
Microsoft Visual Studio Solution File, Format Version 12.00
# Visual Studio Version 16
VisualStudioVersion = 16.0.30320.27
MinimumVisualStudioVersion = 10.0.40219.1
Project("{FAE04EC0-301F-11D3-BF4B-00C04F79EFBC}") = "Door_Badges", "Door_Badges\Door_Badges.csproj", "{D541C6C4-3BD8-470A-A22D-A74BD834AE4A}"
EndProject
Project("{FAE04EC0-301F-11D3-BF4B-00C04F79EFBC}") = "Badge_Repository", "Badge_Repository\Badge_Repository.csproj", "{F735DC03-58E6-4837-8158-04CE5B91EDA3}"
EndProject
Project("{2150E333-8FDC-42A3-9474-1A3956D46DE8}") = "Challenge3", "Challenge3", "{71BA73D3-A08B-4FCE-BE35-E2448C5E4202}"
EndProject
Project("{2150E333-8FDC-42A3-9474-1A3956D46DE8}") = "Challenge1", "Challenge1", "{3638CFFD-3BBB-4DD5-AF20-AA70A2257370}"
EndProject
Project("{FAE04EC0-301F-11D3-BF4B-00C04F79EFBC}") = "Cafe_Challenge", "Cafe_Challenge\Cafe_Challenge.csproj", "{59839EE9-53FE-4F5A-B829-3CC9C32CA85F}"
EndProject
Project("{FAE04EC0-301F-11D3-BF4B-00C04F79EFBC}") = "Cafe_Repository", "Cafe_Repository\Cafe_Repository.csproj", "{869C72F6-BE5C-40A3-A5A1-62C512540931}"
EndProject
Project("{FAE04EC0-301F-11D3-BF4B-00C04F79EFBC}") = "Cafe_Test", "Cafe_Test\Cafe_Test.csproj", "{2A3643BD-1769-420F-B2D3-B61CC0E9F47B}"
EndProject
Project("{2150E333-8FDC-42A3-9474-1A3956D46DE8}") = "Challenge2", "Challenge2", "{4D14AD1E-2945-46F1-96E8-1686A1AFE86F}"
EndProject
Project("{FAE04EC0-301F-11D3-BF4B-00C04F79EFBC}") = "Komodo_GoldBadge_Challenge", "Komodo_GoldBadge_Challenge\Komodo_GoldBadge_Challenge.csproj", "{422E56F8-749E-492A-BC89-D900500D4756}"
EndProject
Project("{FAE04EC0-301F-11D3-BF4B-00C04F79EFBC}") = "Komodo_Repo", "Komodo_Repo\Komodo_Repo.csproj", "{DA0681DD-62A1-45EC-B75E-87E52D4CC9F1}"
EndProject
Project("{FAE04EC0-301F-11D3-BF4B-00C04F79EFBC}") = "KomodoTests", "KomodoTests\KomodoTests.csproj", "{916A1EBB-5FE1-4B08-9744-23946F28FBBF}"
EndProject
Project("{FAE04EC0-301F-11D3-BF4B-00C04F79EFBC}") = "Badge_Tests", "Badge_Tests\Badge_Tests.csproj", "{9AC6A1BC-66EF-4FE1-B9CA-F10ECF278BC9}"
EndProject
Global
	GlobalSection(SolutionConfigurationPlatforms) = preSolution
		Debug|Any CPU = Debug|Any CPU
		Release|Any CPU = Release|Any CPU
	EndGlobalSection
	GlobalSection(ProjectConfigurationPlatforms) = postSolution
		{D541C6C4-3BD8-470A-A22D-A74BD834AE4A}.Debug|Any CPU.ActiveCfg = Debug|Any CPU
		{D541C6C4-3BD8-470A-A22D-A74BD834AE4A}.Debug|Any CPU.Build.0 = Debug|Any CPU
		{D541C6C4-3BD8-470A-A22D-A74BD834AE4A}.Release|Any CPU.ActiveCfg = Release|Any CPU
		{D541C6C4-3BD8-470A-A22D-A74BD834AE4A}.Release|Any CPU.Build.0 = Release|Any CPU
		{F735DC03-58E6-4837-8158-04CE5B91EDA3}.Debug|Any CPU.ActiveCfg = Debug|Any CPU
		{F735DC03-58E6-4837-8158-04CE5B91EDA3}.Debug|Any CPU.Build.0 = Debug|Any CPU
		{F735DC03-58E6-4837-8158-04CE5B91EDA3}.Release|Any CPU.ActiveCfg = Release|Any CPU
		{F735DC03-58E6-4837-8158-04CE5B91EDA3}.Release|Any CPU.Build.0 = Release|Any CPU
		{59839EE9-53FE-4F5A-B829-3CC9C32CA85F}.Debug|Any CPU.ActiveCfg = Debug|Any CPU
		{59839EE9-53FE-4F5A-B829-3CC9C32CA85F}.Debug|Any CPU.Build.0 = Debug|Any CPU
		{59839EE9-53FE-4F5A-B829-3CC9C32CA85F}.Release|Any CPU.ActiveCfg = Release|Any CPU
		{59839EE9-53FE-4F5A-B829-3CC9C32CA85F}.Release|Any CPU.Build.0 = Release|Any CPU
		{869C72F6-BE5C-40A3-A5A1-62C512540931}.Debug|Any CPU.ActiveCfg = Debug|Any CPU
		{869C72F6-BE5C-40A3-A5A1-62C512540931}.Debug|Any CPU.Build.0 = Debug|Any CPU
		{869C72F6-BE5C-40A3-A5A1-62C512540931}.Release|Any CPU.ActiveCfg = Release|Any CPU
		{869C72F6-BE5C-40A3-A5A1-62C512540931}.Release|Any CPU.Build.0 = Release|Any CPU
		{2A3643BD-1769-420F-B2D3-B61CC0E9F47B}.Debug|Any CPU.ActiveCfg = Debug|Any CPU
		{2A3643BD-1769-420F-B2D3-B61CC0E9F47B}.Debug|Any CPU.Build.0 = Debug|Any CPU
		{2A3643BD-1769-420F-B2D3-B61CC0E9F47B}.Release|Any CPU.ActiveCfg = Release|Any CPU
		{2A3643BD-1769-420F-B2D3-B61CC0E9F47B}.Release|Any CPU.Build.0 = Release|Any CPU
		{422E56F8-749E-492A-BC89-D900500D4756}.Debug|Any CPU.ActiveCfg = Debug|Any CPU
		{422E56F8-749E-492A-BC89-D900500D4756}.Debug|Any CPU.Build.0 = Debug|Any CPU
		{422E56F8-749E-492A-BC89-D900500D4756}.Release|Any CPU.ActiveCfg = Release|Any CPU
		{422E56F8-749E-492A-BC89-D900500D4756}.Release|Any CPU.Build.0 = Release|Any CPU
		{DA0681DD-62A1-45EC-B75E-87E52D4CC9F1}.Debug|Any CPU.ActiveCfg = Debug|Any CPU
		{DA0681DD-62A1-45EC-B75E-87E52D4CC9F1}.Debug|Any CPU.Build.0 = Debug|Any CPU
		{DA0681DD-62A1-45EC-B75E-87E52D4CC9F1}.Release|Any CPU.ActiveCfg = Release|Any CPU
		{DA0681DD-62A1-45EC-B75E-87E52D4CC9F1}.Release|Any CPU.Build.0 = Release|Any CPU
		{916A1EBB-5FE1-4B08-9744-23946F28FBBF}.Debug|Any CPU.ActiveCfg = Debug|Any CPU
		{916A1EBB-5FE1-4B08-9744-23946F28FBBF}.Debug|Any CPU.Build.0 = Debug|Any CPU
		{916A1EBB-5FE1-4B08-9744-23946F28FBBF}.Release|Any CPU.ActiveCfg = Release|Any CPU
		{916A1EBB-5FE1-4B08-9744-23946F28FBBF}.Release|Any CPU.Build.0 = Release|Any CPU
		{9AC6A1BC-66EF-4FE1-B9CA-F10ECF278BC9}.Debug|Any CPU.ActiveCfg = Debug|Any CPU
		{9AC6A1BC-66EF-4FE1-B9CA-F10ECF278BC9}.Debug|Any CPU.Build.0 = Debug|Any CPU
		{9AC6A1BC-66EF-4FE1-B9CA-F10ECF278BC9}.Release|Any CPU.ActiveCfg = Release|Any CPU
		{9AC6A1BC-66EF-4FE1-B9CA-F10ECF278BC9}.Release|Any CPU.Build.0 = Release|Any CPU
	EndGlobalSection
	GlobalSection(SolutionProperties) = preSolution
		HideSolutionNode = FALSE
	EndGlobalSection
	GlobalSection(NestedProjects) = preSolution
		{D541C6C4-3BD8-470A-A22D-A74BD834AE4A} = {71BA73D3-A08B-4FCE-BE35-E2448C5E4202}
		{F735DC03-58E6-4837-8158-04CE5B91EDA3} = {71BA73D3-A08B-4FCE-BE35-E2448C5E4202}
		{59839EE9-53FE-4F5A-B829-3CC9C32CA85F} = {3638CFFD-3BBB-4DD5-AF20-AA70A2257370}
		{869C72F6-BE5C-40A3-A5A1-62C512540931} = {3638CFFD-3BBB-4DD5-AF20-AA70A2257370}
		{2A3643BD-1769-420F-B2D3-B61CC0E9F47B} = {3638CFFD-3BBB-4DD5-AF20-AA70A2257370}
		{422E56F8-749E-492A-BC89-D900500D4756} = {4D14AD1E-2945-46F1-96E8-1686A1AFE86F}
		{DA0681DD-62A1-45EC-B75E-87E52D4CC9F1} = {4D14AD1E-2945-46F1-96E8-1686A1AFE86F}
		{916A1EBB-5FE1-4B08-9744-23946F28FBBF} = {4D14AD1E-2945-46F1-96E8-1686A1AFE86F}
		{9AC6A1BC-66EF-4FE1-B9CA-F10ECF278BC9} = {71BA73D3-A08B-4FCE-BE35-E2448C5E4202}
	EndGlobalSection
	GlobalSection(ExtensibilityGlobals) = postSolution
		SolutionGuid = {786CCF52-A2A1-4CF7-8123-32D6400E67DA}
	EndGlobalSection
EndGlobal
